// !$*UTF8*$!
{
	archiveVersion = 1;
	classes = {
	};
	objectVersion = 56;
	objects = {

/* Begin PBXBuildFile section */
		5BE39AA429D1FBCF00129949 /* AppDelegate.swift in Sources */ = {isa = PBXBuildFile; fileRef = 5BE39AA329D1FBCF00129949 /* AppDelegate.swift */; };
		5BE39AA629D1FBCF00129949 /* SceneDelegate.swift in Sources */ = {isa = PBXBuildFile; fileRef = 5BE39AA529D1FBCF00129949 /* SceneDelegate.swift */; };
		5BE39AA829D1FBCF00129949 /* ViewController.swift in Sources */ = {isa = PBXBuildFile; fileRef = 5BE39AA729D1FBCF00129949 /* ViewController.swift */; };
		5BE39AAB29D1FBCF00129949 /* Main.storyboard in Resources */ = {isa = PBXBuildFile; fileRef = 5BE39AA929D1FBCF00129949 /* Main.storyboard */; };
		5BE39AAD29D1FBD000129949 /* Assets.xcassets in Resources */ = {isa = PBXBuildFile; fileRef = 5BE39AAC29D1FBD000129949 /* Assets.xcassets */; };
		5BE39AB029D1FBD000129949 /* LaunchScreen.storyboard in Resources */ = {isa = PBXBuildFile; fileRef = 5BE39AAE29D1FBD000129949 /* LaunchScreen.storyboard */; };
		5BE39ABB29D1FBD000129949 /* breadDreamTests.swift in Sources */ = {isa = PBXBuildFile; fileRef = 5BE39ABA29D1FBD000129949 /* breadDreamTests.swift */; };
		5BE39AC529D1FBD000129949 /* breadDreamUITests.swift in Sources */ = {isa = PBXBuildFile; fileRef = 5BE39AC429D1FBD000129949 /* breadDreamUITests.swift */; };
		5BE39AC729D1FBD000129949 /* breadDreamUITestsLaunchTests.swift in Sources */ = {isa = PBXBuildFile; fileRef = 5BE39AC629D1FBD000129949 /* breadDreamUITestsLaunchTests.swift */; };
/* End PBXBuildFile section */

/* Begin PBXContainerItemProxy section */
		5BE39AB729D1FBD000129949 /* PBXContainerItemProxy */ = {
			isa = PBXContainerItemProxy;
			containerPortal = 5BE39A9829D1FBCF00129949 /* Project object */;
			proxyType = 1;
			remoteGlobalIDString = 5BE39A9F29D1FBCF00129949;
			remoteInfo = breadDream;
		};
		5BE39AC129D1FBD000129949 /* PBXContainerItemProxy */ = {
			isa = PBXContainerItemProxy;
			containerPortal = 5BE39A9829D1FBCF00129949 /* Project object */;
			proxyType = 1;
			remoteGlobalIDString = 5BE39A9F29D1FBCF00129949;
			remoteInfo = breadDream;
		};
/* End PBXContainerItemProxy section */

/* Begin PBXFileReference section */
		5BE39AA029D1FBCF00129949 /* breadDream.app */ = {isa = PBXFileReference; explicitFileType = wrapper.application; includeInIndex = 0; path = breadDream.app; sourceTree = BUILT_PRODUCTS_DIR; };
		5BE39AA329D1FBCF00129949 /* AppDelegate.swift */ = {isa = PBXFileReference; lastKnownFileType = sourcecode.swift; path = AppDelegate.swift; sourceTree = "<group>"; };
		5BE39AA529D1FBCF00129949 /* SceneDelegate.swift */ = {isa = PBXFileReference; lastKnownFileType = sourcecode.swift; path = SceneDelegate.swift; sourceTree = "<group>"; };
		5BE39AA729D1FBCF00129949 /* ViewController.swift */ = {isa = PBXFileReference; lastKnownFileType = sourcecode.swift; path = ViewController.swift; sourceTree = "<group>"; };
		5BE39AAA29D1FBCF00129949 /* Base */ = {isa = PBXFileReference; lastKnownFileType = file.storyboard; name = Base; path = Base.lproj/Main.storyboard; sourceTree = "<group>"; };
		5BE39AAC29D1FBD000129949 /* Assets.xcassets */ = {isa = PBXFileReference; lastKnownFileType = folder.assetcatalog; path = Assets.xcassets; sourceTree = "<group>"; };
		5BE39AAF29D1FBD000129949 /* Base */ = {isa = PBXFileReference; lastKnownFileType = file.storyboard; name = Base; path = Base.lproj/LaunchScreen.storyboard; sourceTree = "<group>"; };
		5BE39AB129D1FBD000129949 /* Info.plist */ = {isa = PBXFileReference; lastKnownFileType = text.plist.xml; path = Info.plist; sourceTree = "<group>"; };
		5BE39AB629D1FBD000129949 /* breadDreamTests.xctest */ = {isa = PBXFileReference; explicitFileType = wrapper.cfbundle; includeInIndex = 0; path = breadDreamTests.xctest; sourceTree = BUILT_PRODUCTS_DIR; };
		5BE39ABA29D1FBD000129949 /* breadDreamTests.swift */ = {isa = PBXFileReference; lastKnownFileType = sourcecode.swift; path = breadDreamTests.swift; sourceTree = "<group>"; };
		5BE39AC029D1FBD000129949 /* breadDreamUITests.xctest */ = {isa = PBXFileReference; explicitFileType = wrapper.cfbundle; includeInIndex = 0; path = breadDreamUITests.xctest; sourceTree = BUILT_PRODUCTS_DIR; };
		5BE39AC429D1FBD000129949 /* breadDreamUITests.swift */ = {isa = PBXFileReference; lastKnownFileType = sourcecode.swift; path = breadDreamUITests.swift; sourceTree = "<group>"; };
		5BE39AC629D1FBD000129949 /* breadDreamUITestsLaunchTests.swift */ = {isa = PBXFileReference; lastKnownFileType = sourcecode.swift; path = breadDreamUITestsLaunchTests.swift; sourceTree = "<group>"; };
/* End PBXFileReference section */

/* Begin PBXFrameworksBuildPhase section */
		5BE39A9D29D1FBCF00129949 /* Frameworks */ = {
			isa = PBXFrameworksBuildPhase;
			buildActionMask = 2147483647;
			files = (
			);
			runOnlyForDeploymentPostprocessing = 0;
		};
		5BE39AB329D1FBD000129949 /* Frameworks */ = {
			isa = PBXFrameworksBuildPhase;
			buildActionMask = 2147483647;
			files = (
			);
			runOnlyForDeploymentPostprocessing = 0;
		};
		5BE39ABD29D1FBD000129949 /* Frameworks */ = {
			isa = PBXFrameworksBuildPhase;
			buildActionMask = 2147483647;
			files = (
			);
			runOnlyForDeploymentPostprocessing = 0;
		};
/* End PBXFrameworksBuildPhase section */

/* Begin PBXGroup section */
		5BE39A9729D1FBCF00129949 = {
			isa = PBXGroup;
			children = (
				5BE39AA229D1FBCF00129949 /* breadDream */,
				5BE39AB929D1FBD000129949 /* breadDreamTests */,
				5BE39AC329D1FBD000129949 /* breadDreamUITests */,
				5BE39AA129D1FBCF00129949 /* Products */,
			);
			sourceTree = "<group>";
		};
		5BE39AA129D1FBCF00129949 /* Products */ = {
			isa = PBXGroup;
			children = (
				5BE39AA029D1FBCF00129949 /* breadDream.app */,
				5BE39AB629D1FBD000129949 /* breadDreamTests.xctest */,
				5BE39AC029D1FBD000129949 /* breadDreamUITests.xctest */,
			);
			name = Products;
			sourceTree = "<group>";
		};
		5BE39AA229D1FBCF00129949 /* breadDream */ = {
			isa = PBXGroup;
			children = (
				5BE39AA329D1FBCF00129949 /* AppDelegate.swift */,
				5BE39AA529D1FBCF00129949 /* SceneDelegate.swift */,
				5BE39AA729D1FBCF00129949 /* ViewController.swift */,
				5BE39AA929D1FBCF00129949 /* Main.storyboard */,
				5BE39AAC29D1FBD000129949 /* Assets.xcassets */,
				5BE39AAE29D1FBD000129949 /* LaunchScreen.storyboard */,
				5BE39AB129D1FBD000129949 /* Info.plist */,
			);
			path = breadDream;
			sourceTree = "<group>";
		};
		5BE39AB929D1FBD000129949 /* breadDreamTests */ = {
			isa = PBXGroup;
			children = (
				5BE39ABA29D1FBD000129949 /* breadDreamTests.swift */,
			);
			path = breadDreamTests;
			sourceTree = "<group>";
		};
		5BE39AC329D1FBD000129949 /* breadDreamUITests */ = {
			isa = PBXGroup;
			children = (
				5BE39AC429D1FBD000129949 /* breadDreamUITests.swift */,
				5BE39AC629D1FBD000129949 /* breadDreamUITestsLaunchTests.swift */,
			);
			path = breadDreamUITests;
			sourceTree = "<group>";
		};
/* End PBXGroup section */

/* Begin PBXNativeTarget section */
		5BE39A9F29D1FBCF00129949 /* breadDream */ = {
			isa = PBXNativeTarget;
			buildConfigurationList = 5BE39ACA29D1FBD000129949 /* Build configuration list for PBXNativeTarget "breadDream" */;
			buildPhases = (
				5BE39A9C29D1FBCF00129949 /* Sources */,
				5BE39A9D29D1FBCF00129949 /* Frameworks */,
				5BE39A9E29D1FBCF00129949 /* Resources */,
			);
			buildRules = (
			);
			dependencies = (
			);
			name = breadDream;
			productName = breadDream;
			productReference = 5BE39AA029D1FBCF00129949 /* breadDream.app */;
			productType = "com.apple.product-type.application";
		};
		5BE39AB529D1FBD000129949 /* breadDreamTests */ = {
			isa = PBXNativeTarget;
			buildConfigurationList = 5BE39ACD29D1FBD000129949 /* Build configuration list for PBXNativeTarget "breadDreamTests" */;
			buildPhases = (
				5BE39AB229D1FBD000129949 /* Sources */,
				5BE39AB329D1FBD000129949 /* Frameworks */,
				5BE39AB429D1FBD000129949 /* Resources */,
			);
			buildRules = (
			);
			dependencies = (
				5BE39AB829D1FBD000129949 /* PBXTargetDependency */,
			);
			name = breadDreamTests;
			productName = breadDreamTests;
			productReference = 5BE39AB629D1FBD000129949 /* breadDreamTests.xctest */;
			productType = "com.apple.product-type.bundle.unit-test";
		};
		5BE39ABF29D1FBD000129949 /* breadDreamUITests */ = {
			isa = PBXNativeTarget;
			buildConfigurationList = 5BE39AD029D1FBD000129949 /* Build configuration list for PBXNativeTarget "breadDreamUITests" */;
			buildPhases = (
				5BE39ABC29D1FBD000129949 /* Sources */,
				5BE39ABD29D1FBD000129949 /* Frameworks */,
				5BE39ABE29D1FBD000129949 /* Resources */,
			);
			buildRules = (
			);
			dependencies = (
				5BE39AC229D1FBD000129949 /* PBXTargetDependency */,
			);
			name = breadDreamUITests;
			productName = breadDreamUITests;
			productReference = 5BE39AC029D1FBD000129949 /* breadDreamUITests.xctest */;
			productType = "com.apple.product-type.bundle.ui-testing";
		};
/* End PBXNativeTarget section */

/* Begin PBXProject section */
		5BE39A9829D1FBCF00129949 /* Project object */ = {
			isa = PBXProject;
			attributes = {
				BuildIndependentTargetsInParallel = 1;
				LastSwiftUpdateCheck = 1420;
				LastUpgradeCheck = 1420;
				TargetAttributes = {
					5BE39A9F29D1FBCF00129949 = {
						CreatedOnToolsVersion = 14.2;
					};
					5BE39AB529D1FBD000129949 = {
						CreatedOnToolsVersion = 14.2;
						TestTargetID = 5BE39A9F29D1FBCF00129949;
					};
					5BE39ABF29D1FBD000129949 = {
						CreatedOnToolsVersion = 14.2;
						TestTargetID = 5BE39A9F29D1FBCF00129949;
					};
				};
			};
			buildConfigurationList = 5BE39A9B29D1FBCF00129949 /* Build configuration list for PBXProject "breadDream" */;
			compatibilityVersion = "Xcode 14.0";
			developmentRegion = en;
			hasScannedForEncodings = 0;
			knownRegions = (
				en,
				Base,
			);
			mainGroup = 5BE39A9729D1FBCF00129949;
			productRefGroup = 5BE39AA129D1FBCF00129949 /* Products */;
			projectDirPath = "";
			projectRoot = "";
			targets = (
				5BE39A9F29D1FBCF00129949 /* breadDream */,
				5BE39AB529D1FBD000129949 /* breadDreamTests */,
				5BE39ABF29D1FBD000129949 /* breadDreamUITests */,
			);
		};
/* End PBXProject section */

/* Begin PBXResourcesBuildPhase section */
		5BE39A9E29D1FBCF00129949 /* Resources */ = {
			isa = PBXResourcesBuildPhase;
			buildActionMask = 2147483647;
			files = (
				5BE39AB029D1FBD000129949 /* LaunchScreen.storyboard in Resources */,
				5BE39AAD29D1FBD000129949 /* Assets.xcassets in Resources */,
				5BE39AAB29D1FBCF00129949 /* Main.storyboard in Resources */,
			);
			runOnlyForDeploymentPostprocessing = 0;
		};
		5BE39AB429D1FBD000129949 /* Resources */ = {
			isa = PBXResourcesBuildPhase;
			buildActionMask = 2147483647;
			files = (
			);
			runOnlyForDeploymentPostprocessing = 0;
		};
		5BE39ABE29D1FBD000129949 /* Resources */ = {
			isa = PBXResourcesBuildPhase;
			buildActionMask = 2147483647;
			files = (
			);
			runOnlyForDeploymentPostprocessing = 0;
		};
/* End PBXResourcesBuildPhase section */

/* Begin PBXSourcesBuildPhase section */
		5BE39A9C29D1FBCF00129949 /* Sources */ = {
			isa = PBXSourcesBuildPhase;
			buildActionMask = 2147483647;
			files = (
				5BE39AA829D1FBCF00129949 /* ViewController.swift in Sources */,
				5BE39AA429D1FBCF00129949 /* AppDelegate.swift in Sources */,
				5BE39AA629D1FBCF00129949 /* SceneDelegate.swift in Sources */,
			);
			runOnlyForDeploymentPostprocessing = 0;
		};
		5BE39AB229D1FBD000129949 /* Sources */ = {
			isa = PBXSourcesBuildPhase;
			buildActionMask = 2147483647;
			files = (
				5BE39ABB29D1FBD000129949 /* breadDreamTests.swift in Sources */,
			);
			runOnlyForDeploymentPostprocessing = 0;
		};
		5BE39ABC29D1FBD000129949 /* Sources */ = {
			isa = PBXSourcesBuildPhase;
			buildActionMask = 2147483647;
			files = (
				5BE39AC529D1FBD000129949 /* breadDreamUITests.swift in Sources */,
				5BE39AC729D1FBD000129949 /* breadDreamUITestsLaunchTests.swift in Sources */,
			);
			runOnlyForDeploymentPostprocessing = 0;
		};
/* End PBXSourcesBuildPhase section */

/* Begin PBXTargetDependency section */
		5BE39AB829D1FBD000129949 /* PBXTargetDependency */ = {
			isa = PBXTargetDependency;
			target = 5BE39A9F29D1FBCF00129949 /* breadDream */;
			targetProxy = 5BE39AB729D1FBD000129949 /* PBXContainerItemProxy */;
		};
		5BE39AC229D1FBD000129949 /* PBXTargetDependency */ = {
			isa = PBXTargetDependency;
			target = 5BE39A9F29D1FBCF00129949 /* breadDream */;
			targetProxy = 5BE39AC129D1FBD000129949 /* PBXContainerItemProxy */;
		};
/* End PBXTargetDependency section */

/* Begin PBXVariantGroup section */
		5BE39AA929D1FBCF00129949 /* Main.storyboard */ = {
			isa = PBXVariantGroup;
			children = (
				5BE39AAA29D1FBCF00129949 /* Base */,
			);
			name = Main.storyboard;
			sourceTree = "<group>";
		};
		5BE39AAE29D1FBD000129949 /* LaunchScreen.storyboard */ = {
			isa = PBXVariantGroup;
			children = (
				5BE39AAF29D1FBD000129949 /* Base */,
			);
			name = LaunchScreen.storyboard;
			sourceTree = "<group>";
		};
/* End PBXVariantGroup section */

/* Begin XCBuildConfiguration section */
		5BE39AC829D1FBD000129949 /* Debug */ = {
			isa = XCBuildConfiguration;
			buildSettings = {
				ALWAYS_SEARCH_USER_PATHS = NO;
				CLANG_ANALYZER_NONNULL = YES;
				CLANG_ANALYZER_NUMBER_OBJECT_CONVERSION = YES_AGGRESSIVE;
				CLANG_CXX_LANGUAGE_STANDARD = "gnu++20";
				CLANG_ENABLE_MODULES = YES;
				CLANG_ENABLE_OBJC_ARC = YES;
				CLANG_ENABLE_OBJC_WEAK = YES;
				CLANG_WARN_BLOCK_CAPTURE_AUTORELEASING = YES;
				CLANG_WARN_BOOL_CONVERSION = YES;
				CLANG_WARN_COMMA = YES;
				CLANG_WARN_CONSTANT_CONVERSION = YES;
				CLANG_WARN_DEPRECATED_OBJC_IMPLEMENTATIONS = YES;
				CLANG_WARN_DIRECT_OBJC_ISA_USAGE = YES_ERROR;
				CLANG_WARN_DOCUMENTATION_COMMENTS = YES;
				CLANG_WARN_EMPTY_BODY = YES;
				CLANG_WARN_ENUM_CONVERSION = YES;
				CLANG_WARN_INFINITE_RECURSION = YES;
				CLANG_WARN_INT_CONVERSION = YES;
				CLANG_WARN_NON_LITERAL_NULL_CONVERSION = YES;
				CLANG_WARN_OBJC_IMPLICIT_RETAIN_SELF = YES;
				CLANG_WARN_OBJC_LITERAL_CONVERSION = YES;
				CLANG_WARN_OBJC_ROOT_CLASS = YES_ERROR;
				CLANG_WARN_QUOTED_INCLUDE_IN_FRAMEWORK_HEADER = YES;
				CLANG_WARN_RANGE_LOOP_ANALYSIS = YES;
				CLANG_WARN_STRICT_PROTOTYPES = YES;
				CLANG_WARN_SUSPICIOUS_MOVE = YES;
				CLANG_WARN_UNGUARDED_AVAILABILITY = YES_AGGRESSIVE;
				CLANG_WARN_UNREACHABLE_CODE = YES;
				CLANG_WARN__DUPLICATE_METHOD_MATCH = YES;
				COPY_PHASE_STRIP = NO;
				DEBUG_INFORMATION_FORMAT = dwarf;
				ENABLE_STRICT_OBJC_MSGSEND = YES;
				ENABLE_TESTABILITY = YES;
				GCC_C_LANGUAGE_STANDARD = gnu11;
				GCC_DYNAMIC_NO_PIC = NO;
				GCC_NO_COMMON_BLOCKS = YES;
				GCC_OPTIMIZATION_LEVEL = 0;
				GCC_PREPROCESSOR_DEFINITIONS = (
					"DEBUG=1",
					"$(inherited)",
				);
				GCC_WARN_64_TO_32_BIT_CONVERSION = YES;
				GCC_WARN_ABOUT_RETURN_TYPE = YES_ERROR;
				GCC_WARN_UNDECLARED_SELECTOR = YES;
				GCC_WARN_UNINITIALIZED_AUTOS = YES_AGGRESSIVE;
				GCC_WARN_UNUSED_FUNCTION = YES;
				GCC_WARN_UNUSED_VARIABLE = YES;
				IPHONEOS_DEPLOYMENT_TARGET = 16.2;
				MTL_ENABLE_DEBUG_INFO = INCLUDE_SOURCE;
				MTL_FAST_MATH = YES;
				ONLY_ACTIVE_ARCH = YES;
				SDKROOT = iphoneos;
				SWIFT_ACTIVE_COMPILATION_CONDITIONS = DEBUG;
				SWIFT_OPTIMIZATION_LEVEL = "-Onone";
			};
			name = Debug;
		};
		5BE39AC929D1FBD000129949 /* Release */ = {
			isa = XCBuildConfiguration;
			buildSettings = {
				ALWAYS_SEARCH_USER_PATHS = NO;
				CLANG_ANALYZER_NONNULL = YES;
				CLANG_ANALYZER_NUMBER_OBJECT_CONVERSION = YES_AGGRESSIVE;
				CLANG_CXX_LANGUAGE_STANDARD = "gnu++20";
				CLANG_ENABLE_MODULES = YES;
				CLANG_ENABLE_OBJC_ARC = YES;
				CLANG_ENABLE_OBJC_WEAK = YES;
				CLANG_WARN_BLOCK_CAPTURE_AUTORELEASING = YES;
				CLANG_WARN_BOOL_CONVERSION = YES;
				CLANG_WARN_COMMA = YES;
				CLANG_WARN_CONSTANT_CONVERSION = YES;
				CLANG_WARN_DEPRECATED_OBJC_IMPLEMENTATIONS = YES;
				CLANG_WARN_DIRECT_OBJC_ISA_USAGE = YES_ERROR;
				CLANG_WARN_DOCUMENTATION_COMMENTS = YES;
				CLANG_WARN_EMPTY_BODY = YES;
				CLANG_WARN_ENUM_CONVERSION = YES;
				CLANG_WARN_INFINITE_RECURSION = YES;
				CLANG_WARN_INT_CONVERSION = YES;
				CLANG_WARN_NON_LITERAL_NULL_CONVERSION = YES;
				CLANG_WARN_OBJC_IMPLICIT_RETAIN_SELF = YES;
				CLANG_WARN_OBJC_LITERAL_CONVERSION = YES;
				CLANG_WARN_OBJC_ROOT_CLASS = YES_ERROR;
				CLANG_WARN_QUOTED_INCLUDE_IN_FRAMEWORK_HEADER = YES;
				CLANG_WARN_RANGE_LOOP_ANALYSIS = YES;
				CLANG_WARN_STRICT_PROTOTYPES = YES;
				CLANG_WARN_SUSPICIOUS_MOVE = YES;
				CLANG_WARN_UNGUARDED_AVAILABILITY = YES_AGGRESSIVE;
				CLANG_WARN_UNREACHABLE_CODE = YES;
				CLANG_WARN__DUPLICATE_METHOD_MATCH = YES;
				COPY_PHASE_STRIP = NO;
				DEBUG_INFORMATION_FORMAT = "dwarf-with-dsym";
				ENABLE_NS_ASSERTIONS = NO;
				ENABLE_STRICT_OBJC_MSGSEND = YES;
				GCC_C_LANGUAGE_STANDARD = gnu11;
				GCC_NO_COMMON_BLOCKS = YES;
				GCC_WARN_64_TO_32_BIT_CONVERSION = YES;
				GCC_WARN_ABOUT_RETURN_TYPE = YES_ERROR;
				GCC_WARN_UNDECLARED_SELECTOR = YES;
				GCC_WARN_UNINITIALIZED_AUTOS = YES_AGGRESSIVE;
				GCC_WARN_UNUSED_FUNCTION = YES;
				GCC_WARN_UNUSED_VARIABLE = YES;
				IPHONEOS_DEPLOYMENT_TARGET = 16.2;
				MTL_ENABLE_DEBUG_INFO = NO;
				MTL_FAST_MATH = YES;
				SDKROOT = iphoneos;
				SWIFT_COMPILATION_MODE = wholemodule;
				SWIFT_OPTIMIZATION_LEVEL = "-O";
				VALIDATE_PRODUCT = YES;
			};
			name = Release;
		};
		5BE39ACB29D1FBD000129949 /* Debug */ = {
			isa = XCBuildConfiguration;
			buildSettings = {
				ASSETCATALOG_COMPILER_APPICON_NAME = AppIcon;
				ASSETCATALOG_COMPILER_GLOBAL_ACCENT_COLOR_NAME = AccentColor;
				CODE_SIGN_STYLE = Automatic;
				CURRENT_PROJECT_VERSION = 1;
				DEVELOPMENT_TEAM = BMBZXVKB64;
				GENERATE_INFOPLIST_FILE = YES;
				INFOPLIST_FILE = breadDream/Info.plist;
				INFOPLIST_KEY_UIApplicationSupportsIndirectInputEvents = YES;
				INFOPLIST_KEY_UILaunchStoryboardName = LaunchScreen;
				INFOPLIST_KEY_UIMainStoryboardFile = Main;
				INFOPLIST_KEY_UISupportedInterfaceOrientations_iPad = "UIInterfaceOrientationPortrait UIInterfaceOrientationPortraitUpsideDown UIInterfaceOrientationLandscapeLeft UIInterfaceOrientationLandscapeRight";
				INFOPLIST_KEY_UISupportedInterfaceOrientations_iPhone = "UIInterfaceOrientationPortrait UIInterfaceOrientationLandscapeLeft UIInterfaceOrientationLandscapeRight";
				LD_RUNPATH_SEARCH_PATHS = (
					"$(inherited)",
					"@executable_path/Frameworks",
				);
				MARKETING_VERSION = 1.0;
				PRODUCT_BUNDLE_IDENTIFIER = com.wedlec.breadDream;
				PRODUCT_NAME = "$(TARGET_NAME)";
				SWIFT_EMIT_LOC_STRINGS = YES;
				SWIFT_VERSION = 5.0;
				TARGETED_DEVICE_FAMILY = "1,2";
			};
			name = Debug;
		};
		5BE39ACC29D1FBD000129949 /* Release */ = {
			isa = XCBuildConfiguration;
			buildSettings = {
				ASSETCATALOG_COMPILER_APPICON_NAME = AppIcon;
				ASSETCATALOG_COMPILER_GLOBAL_ACCENT_COLOR_NAME = AccentColor;
				CODE_SIGN_STYLE = Automatic;
				CURRENT_PROJECT_VERSION = 1;
				DEVELOPMENT_TEAM = BMBZXVKB64;
				GENERATE_INFOPLIST_FILE = YES;
				INFOPLIST_FILE = breadDream/Info.plist;
				INFOPLIST_KEY_UIApplicationSupportsIndirectInputEvents = YES;
				INFOPLIST_KEY_UILaunchStoryboardName = LaunchScreen;
				INFOPLIST_KEY_UIMainStoryboardFile = Main;
				INFOPLIST_KEY_UISupportedInterfaceOrientations_iPad = "UIInterfaceOrientationPortrait UIInterfaceOrientationPortraitUpsideDown UIInterfaceOrientationLandscapeLeft UIInterfaceOrientationLandscapeRight";
				INFOPLIST_KEY_UISupportedInterfaceOrientations_iPhone = "UIInterfaceOrientationPortrait UIInterfaceOrientationLandscapeLeft UIInterfaceOrientationLandscapeRight";
				LD_RUNPATH_SEARCH_PATHS = (
					"$(inherited)",
					"@executable_path/Frameworks",
				);
				MARKETING_VERSION = 1.0;
				PRODUCT_BUNDLE_IDENTIFIER = com.wedlec.breadDream;
				PRODUCT_NAME = "$(TARGET_NAME)";
				SWIFT_EMIT_LOC_STRINGS = YES;
				SWIFT_VERSION = 5.0;
				TARGETED_DEVICE_FAMILY = "1,2";
			};
			name = Release;
		};
		5BE39ACE29D1FBD000129949 /* Debug */ = {
			isa = XCBuildConfiguration;
			buildSettings = {
				ALWAYS_EMBED_SWIFT_STANDARD_LIBRARIES = YES;
				BUNDLE_LOADER = "$(TEST_HOST)";
				CODE_SIGN_STYLE = Automatic;
				CURRENT_PROJECT_VERSION = 1;
				DEVELOPMENT_TEAM = BMBZXVKB64;
				GENERATE_INFOPLIST_FILE = YES;
				IPHONEOS_DEPLOYMENT_TARGET = 16.2;
				MARKETING_VERSION = 1.0;
				PRODUCT_BUNDLE_IDENTIFIER = com.wedlec.breadDreamTests;
				PRODUCT_NAME = "$(TARGET_NAME)";
				SWIFT_EMIT_LOC_STRINGS = NO;
				SWIFT_VERSION = 5.0;
				TARGETED_DEVICE_FAMILY = "1,2";
				TEST_HOST = "$(BUILT_PRODUCTS_DIR)/breadDream.app/$(BUNDLE_EXECUTABLE_FOLDER_PATH)/breadDream";
			};
			name = Debug;
		};
		5BE39ACF29D1FBD000129949 /* Release */ = {
			isa = XCBuildConfiguration;
			buildSettings = {
				ALWAYS_EMBED_SWIFT_STANDARD_LIBRARIES = YES;
				BUNDLE_LOADER = "$(TEST_HOST)";
				CODE_SIGN_STYLE = Automatic;
				CURRENT_PROJECT_VERSION = 1;
				DEVELOPMENT_TEAM = BMBZXVKB64;
				GENERATE_INFOPLIST_FILE = YES;
				IPHONEOS_DEPLOYMENT_TARGET = 16.2;
				MARKETING_VERSION = 1.0;
				PRODUCT_BUNDLE_IDENTIFIER = com.wedlec.breadDreamTests;
				PRODUCT_NAME = "$(TARGET_NAME)";
				SWIFT_EMIT_LOC_STRINGS = NO;
				SWIFT_VERSION = 5.0;
				TARGETED_DEVICE_FAMILY = "1,2";
				TEST_HOST = "$(BUILT_PRODUCTS_DIR)/breadDream.app/$(BUNDLE_EXECUTABLE_FOLDER_PATH)/breadDream";
			};
			name = Release;
		};
		5BE39AD129D1FBD000129949 /* Debug */ = {
			isa = XCBuildConfiguration;
			buildSettings = {
				ALWAYS_EMBED_SWIFT_STANDARD_LIBRARIES = YES;
				CODE_SIGN_STYLE = Automatic;
				CURRENT_PROJECT_VERSION = 1;
				DEVELOPMENT_TEAM = BMBZXVKB64;
				GENERATE_INFOPLIST_FILE = YES;
				MARKETING_VERSION = 1.0;
				PRODUCT_BUNDLE_IDENTIFIER = com.wedlec.breadDreamUITests;
				PRODUCT_NAME = "$(TARGET_NAME)";
				SWIFT_EMIT_LOC_STRINGS = NO;
				SWIFT_VERSION = 5.0;
				TARGETED_DEVICE_FAMILY = "1,2";
				TEST_TARGET_NAME = breadDream;
			};
			name = Debug;
		};
		5BE39AD229D1FBD000129949 /* Release */ = {
			isa = XCBuildConfiguration;
			buildSettings = {
				ALWAYS_EMBED_SWIFT_STANDARD_LIBRARIES = YES;
				CODE_SIGN_STYLE = Automatic;
				CURRENT_PROJECT_VERSION = 1;
				DEVELOPMENT_TEAM = BMBZXVKB64;
				GENERATE_INFOPLIST_FILE = YES;
				MARKETING_VERSION = 1.0;
				PRODUCT_BUNDLE_IDENTIFIER = com.wedlec.breadDreamUITests;
				PRODUCT_NAME = "$(TARGET_NAME)";
				SWIFT_EMIT_LOC_STRINGS = NO;
				SWIFT_VERSION = 5.0;
				TARGETED_DEVICE_FAMILY = "1,2";
				TEST_TARGET_NAME = breadDream;
			};
			name = Release;
		};
/* End XCBuildConfiguration section */

/* Begin XCConfigurationList section */
		5BE39A9B29D1FBCF00129949 /* Build configuration list for PBXProject "breadDream" */ = {
			isa = XCConfigurationList;
			buildConfigurations = (
				5BE39AC829D1FBD000129949 /* Debug */,
				5BE39AC929D1FBD000129949 /* Release */,
			);
			defaultConfigurationIsVisible = 0;
			defaultConfigurationName = Release;
		};
		5BE39ACA29D1FBD000129949 /* Build configuration list for PBXNativeTarget "breadDream" */ = {
			isa = XCConfigurationList;
			buildConfigurations = (
				5BE39ACB29D1FBD000129949 /* Debug */,
				5BE39ACC29D1FBD000129949 /* Release */,
			);
			defaultConfigurationIsVisible = 0;
			defaultConfigurationName = Release;
		};
		5BE39ACD29D1FBD000129949 /* Build configuration list for PBXNativeTarget "breadDreamTests" */ = {
			isa = XCConfigurationList;
			buildConfigurations = (
				5BE39ACE29D1FBD000129949 /* Debug */,
				5BE39ACF29D1FBD000129949 /* Release */,
			);
			defaultConfigurationIsVisible = 0;
			defaultConfigurationName = Release;
		};
		5BE39AD029D1FBD000129949 /* Build configuration list for PBXNativeTarget "breadDreamUITests" */ = {
			isa = XCConfigurationList;
			buildConfigurations = (
				5BE39AD129D1FBD000129949 /* Debug */,
				5BE39AD229D1FBD000129949 /* Release */,
			);
			defaultConfigurationIsVisible = 0;
			defaultConfigurationName = Release;
		};
/* End XCConfigurationList section */
	};
	rootObject = 5BE39A9829D1FBCF00129949 /* Project object */;
}
